
Microsoft Visual Studio Solution File, Format Version 12.00
Project("{FAE04EC0-301F-11D3-BF4B-00C04F79EFBC}") = "CheckoutKata", "CheckoutKata\CheckoutKata.csproj", "{2FFCE3A1-BEB7-4837-AE62-3BEB846F0F2D}"
EndProject
Project("{FAE04EC0-301F-11D3-BF4B-00C04F79EFBC}") = "CheckoutKataTests", "CheckoutKataTests\CheckoutKataTests.csproj", "{39A13CA7-8E00-468F-9C30-701F052FA789}"
EndProject
Global
	GlobalSection(SolutionConfigurationPlatforms) = preSolution
		Debug|Any CPU = Debug|Any CPU
		Release|Any CPU = Release|Any CPU
	EndGlobalSection
	GlobalSection(ProjectConfigurationPlatforms) = postSolution
		{2FFCE3A1-BEB7-4837-AE62-3BEB846F0F2D}.Debug|Any CPU.ActiveCfg = Debug|Any CPU
		{2FFCE3A1-BEB7-4837-AE62-3BEB846F0F2D}.Debug|Any CPU.Build.0 = Debug|Any CPU
		{2FFCE3A1-BEB7-4837-AE62-3BEB846F0F2D}.Release|Any CPU.ActiveCfg = Release|Any CPU
		{2FFCE3A1-BEB7-4837-AE62-3BEB846F0F2D}.Release|Any CPU.Build.0 = Release|Any CPU
		{39A13CA7-8E00-468F-9C30-701F052FA789}.Debug|Any CPU.ActiveCfg = Debug|Any CPU
		{39A13CA7-8E00-468F-9C30-701F052FA789}.Debug|Any CPU.Build.0 = Debug|Any CPU
		{39A13CA7-8E00-468F-9C30-701F052FA789}.Release|Any CPU.ActiveCfg = Release|Any CPU
		{39A13CA7-8E00-468F-9C30-701F052FA789}.Release|Any CPU.Build.0 = Release|Any CPU
	EndGlobalSection
EndGlobal
